
Microsoft Visual Studio Solution File, Format Version 12.00
# Visual Studio 14
VisualStudioVersion = 14.0.25123.0
MinimumVisualStudioVersion = 10.0.40219.1
Project("{AECD4DEE-BDDE-4AC9-8C39-499CC99B63AF}") = "Sitecore.Support.136108", "Sitecore.Support.136108\Sitecore.Support.136108.csproj", "{2F901DE9-BCB0-4BEA-8EAF-BDBB28F2E092}"
EndProject
Global
	GlobalSection(SolutionConfigurationPlatforms) = preSolution
		Debug|Any CPU = Debug|Any CPU
		Release|Any CPU = Release|Any CPU
	EndGlobalSection
	GlobalSection(ProjectConfigurationPlatforms) = postSolution
		{2F901DE9-BCB0-4BEA-8EAF-BDBB28F2E092}.Debug|Any CPU.ActiveCfg = Debug|Any CPU
		{2F901DE9-BCB0-4BEA-8EAF-BDBB28F2E092}.Debug|Any CPU.Build.0 = Debug|Any CPU
		{2F901DE9-BCB0-4BEA-8EAF-BDBB28F2E092}.Release|Any CPU.ActiveCfg = Release|Any CPU
		{2F901DE9-BCB0-4BEA-8EAF-BDBB28F2E092}.Release|Any CPU.Build.0 = Release|Any CPU
	EndGlobalSection
	GlobalSection(SolutionProperties) = preSolution
		HideSolutionNode = FALSE
	EndGlobalSection
EndGlobal
